
Microsoft Visual Studio Solution File, Format Version 12.00
# Visual Studio Version 16
VisualStudioVersion = 16.0.30128.74
MinimumVisualStudioVersion = 10.0.40219.1
Project("{FAE04EC0-301F-11D3-BF4B-00C04F79EFBC}") = "반복문을 이용한 나이와 키 입출력", "반복문을 이용한 나이와 키 입출력.csproj", "{5A757991-71FC-4FC6-B823-FE4AAB1DC22C}"
EndProject
Global
	GlobalSection(SolutionConfigurationPlatforms) = preSolution
		Debug|Any CPU = Debug|Any CPU
		Release|Any CPU = Release|Any CPU
	EndGlobalSection
	GlobalSection(ProjectConfigurationPlatforms) = postSolution
		{5A757991-71FC-4FC6-B823-FE4AAB1DC22C}.Debug|Any CPU.ActiveCfg = Debug|Any CPU
		{5A757991-71FC-4FC6-B823-FE4AAB1DC22C}.Debug|Any CPU.Build.0 = Debug|Any CPU
		{5A757991-71FC-4FC6-B823-FE4AAB1DC22C}.Release|Any CPU.ActiveCfg = Release|Any CPU
		{5A757991-71FC-4FC6-B823-FE4AAB1DC22C}.Release|Any CPU.Build.0 = Release|Any CPU
	EndGlobalSection
	GlobalSection(SolutionProperties) = preSolution
		HideSolutionNode = FALSE
	EndGlobalSection
	GlobalSection(ExtensibilityGlobals) = postSolution
		SolutionGuid = {779ABF2F-CBAA-4242-AABD-A605CB24C7F3}
	EndGlobalSection
EndGlobal
