
Microsoft Visual Studio Solution File, Format Version 12.00
# Visual Studio Version 16
VisualStudioVersion = 16.0.30128.74
MinimumVisualStudioVersion = 10.0.40219.1
Project("{FAE04EC0-301F-11D3-BF4B-00C04F79EFBC}") = "COMMENT", "COMMENT.csproj", "{5895186D-C6E3-486A-87F8-4F79B945AFE9}"
EndProject
Global
	GlobalSection(SolutionConfigurationPlatforms) = preSolution
		Debug|Any CPU = Debug|Any CPU
		Release|Any CPU = Release|Any CPU
	EndGlobalSection
	GlobalSection(ProjectConfigurationPlatforms) = postSolution
		{5895186D-C6E3-486A-87F8-4F79B945AFE9}.Debug|Any CPU.ActiveCfg = Debug|Any CPU
		{5895186D-C6E3-486A-87F8-4F79B945AFE9}.Debug|Any CPU.Build.0 = Debug|Any CPU
		{5895186D-C6E3-486A-87F8-4F79B945AFE9}.Release|Any CPU.ActiveCfg = Release|Any CPU
		{5895186D-C6E3-486A-87F8-4F79B945AFE9}.Release|Any CPU.Build.0 = Release|Any CPU
	EndGlobalSection
	GlobalSection(SolutionProperties) = preSolution
		HideSolutionNode = FALSE
	EndGlobalSection
	GlobalSection(ExtensibilityGlobals) = postSolution
		SolutionGuid = {8E8BF507-64EB-46C2-8BDB-A81776424927}
	EndGlobalSection
EndGlobal
