
Microsoft Visual Studio Solution File, Format Version 12.00
# Visual Studio Version 16
VisualStudioVersion = 16.0.30128.74
MinimumVisualStudioVersion = 10.0.40219.1
Project("{FAE04EC0-301F-11D3-BF4B-00C04F79EFBC}") = "동서남북 이동 프로그램", "동서남북 이동 프로그램.csproj", "{B9D46C0C-B742-4F03-964D-0FB647BAD5E3}"
EndProject
Global
	GlobalSection(SolutionConfigurationPlatforms) = preSolution
		Debug|Any CPU = Debug|Any CPU
		Release|Any CPU = Release|Any CPU
	EndGlobalSection
	GlobalSection(ProjectConfigurationPlatforms) = postSolution
		{B9D46C0C-B742-4F03-964D-0FB647BAD5E3}.Debug|Any CPU.ActiveCfg = Debug|Any CPU
		{B9D46C0C-B742-4F03-964D-0FB647BAD5E3}.Debug|Any CPU.Build.0 = Debug|Any CPU
		{B9D46C0C-B742-4F03-964D-0FB647BAD5E3}.Release|Any CPU.ActiveCfg = Release|Any CPU
		{B9D46C0C-B742-4F03-964D-0FB647BAD5E3}.Release|Any CPU.Build.0 = Release|Any CPU
	EndGlobalSection
	GlobalSection(SolutionProperties) = preSolution
		HideSolutionNode = FALSE
	EndGlobalSection
	GlobalSection(ExtensibilityGlobals) = postSolution
		SolutionGuid = {4C9FFDA1-443D-49DA-B56F-5FDBECF6AF36}
	EndGlobalSection
EndGlobal
