
Microsoft Visual Studio Solution File, Format Version 12.00
# Visual Studio Version 16
VisualStudioVersion = 16.0.30128.74
MinimumVisualStudioVersion = 10.0.40219.1
Project("{FAE04EC0-301F-11D3-BF4B-00C04F79EFBC}") = "CalculatorWithSwitchStatement1", "CalculatorWithSwitchStatement1.csproj", "{18EE4D0C-9E49-4DAE-9CB3-D282DFCFA0FF}"
EndProject
Global
	GlobalSection(SolutionConfigurationPlatforms) = preSolution
		Debug|Any CPU = Debug|Any CPU
		Release|Any CPU = Release|Any CPU
	EndGlobalSection
	GlobalSection(ProjectConfigurationPlatforms) = postSolution
		{18EE4D0C-9E49-4DAE-9CB3-D282DFCFA0FF}.Debug|Any CPU.ActiveCfg = Debug|Any CPU
		{18EE4D0C-9E49-4DAE-9CB3-D282DFCFA0FF}.Debug|Any CPU.Build.0 = Debug|Any CPU
		{18EE4D0C-9E49-4DAE-9CB3-D282DFCFA0FF}.Release|Any CPU.ActiveCfg = Release|Any CPU
		{18EE4D0C-9E49-4DAE-9CB3-D282DFCFA0FF}.Release|Any CPU.Build.0 = Release|Any CPU
	EndGlobalSection
	GlobalSection(SolutionProperties) = preSolution
		HideSolutionNode = FALSE
	EndGlobalSection
	GlobalSection(ExtensibilityGlobals) = postSolution
		SolutionGuid = {5A1A7C2B-B0E5-45FA-8631-66D21A9D6FF8}
	EndGlobalSection
EndGlobal
