
Microsoft Visual Studio Solution File, Format Version 12.00
# Visual Studio Version 16
VisualStudioVersion = 16.0.30114.105
MinimumVisualStudioVersion = 10.0.40219.1
Project("{FAE04EC0-301F-11D3-BF4B-00C04F79EFBC}") = "CalculatorTwo", "CalculatorTwo.csproj", "{4E3907AC-2BA8-4EC3-A9A4-405ECB12330D}"
EndProject
Global
	GlobalSection(SolutionConfigurationPlatforms) = preSolution
		Debug|Any CPU = Debug|Any CPU
		Release|Any CPU = Release|Any CPU
	EndGlobalSection
	GlobalSection(ProjectConfigurationPlatforms) = postSolution
		{4E3907AC-2BA8-4EC3-A9A4-405ECB12330D}.Debug|Any CPU.ActiveCfg = Debug|Any CPU
		{4E3907AC-2BA8-4EC3-A9A4-405ECB12330D}.Debug|Any CPU.Build.0 = Debug|Any CPU
		{4E3907AC-2BA8-4EC3-A9A4-405ECB12330D}.Release|Any CPU.ActiveCfg = Release|Any CPU
		{4E3907AC-2BA8-4EC3-A9A4-405ECB12330D}.Release|Any CPU.Build.0 = Release|Any CPU
	EndGlobalSection
	GlobalSection(SolutionProperties) = preSolution
		HideSolutionNode = FALSE
	EndGlobalSection
	GlobalSection(ExtensibilityGlobals) = postSolution
		SolutionGuid = {1B9592A3-F09B-41C4-A51C-97DCCFE9F3D8}
	EndGlobalSection
EndGlobal
