
Microsoft Visual Studio Solution File, Format Version 12.00
# Visual Studio Version 16
VisualStudioVersion = 16.0.30114.105
MinimumVisualStudioVersion = 10.0.40219.1
Project("{FAE04EC0-301F-11D3-BF4B-00C04F79EFBC}") = "FunctionOverLoading2", "FunctionOverLoading2.csproj", "{954BC748-9623-476D-84B5-86458D608FCA}"
EndProject
Global
	GlobalSection(SolutionConfigurationPlatforms) = preSolution
		Debug|Any CPU = Debug|Any CPU
		Release|Any CPU = Release|Any CPU
	EndGlobalSection
	GlobalSection(ProjectConfigurationPlatforms) = postSolution
		{954BC748-9623-476D-84B5-86458D608FCA}.Debug|Any CPU.ActiveCfg = Debug|Any CPU
		{954BC748-9623-476D-84B5-86458D608FCA}.Debug|Any CPU.Build.0 = Debug|Any CPU
		{954BC748-9623-476D-84B5-86458D608FCA}.Release|Any CPU.ActiveCfg = Release|Any CPU
		{954BC748-9623-476D-84B5-86458D608FCA}.Release|Any CPU.Build.0 = Release|Any CPU
	EndGlobalSection
	GlobalSection(SolutionProperties) = preSolution
		HideSolutionNode = FALSE
	EndGlobalSection
	GlobalSection(ExtensibilityGlobals) = postSolution
		SolutionGuid = {30D09231-09E5-4734-B571-22DC5FF04DA2}
	EndGlobalSection
EndGlobal
