
Microsoft Visual Studio Solution File, Format Version 12.00
# Visual Studio Version 16
VisualStudioVersion = 16.0.30114.105
MinimumVisualStudioVersion = 10.0.40219.1
Project("{FAE04EC0-301F-11D3-BF4B-00C04F79EFBC}") = "Calculator", "Calculator\Calculator.csproj", "{AB00CA5B-8B21-4117-AC7B-D1F2D2883BE8}"
EndProject
Global
	GlobalSection(SolutionConfigurationPlatforms) = preSolution
		Debug|Any CPU = Debug|Any CPU
		Release|Any CPU = Release|Any CPU
	EndGlobalSection
	GlobalSection(ProjectConfigurationPlatforms) = postSolution
		{AB00CA5B-8B21-4117-AC7B-D1F2D2883BE8}.Debug|Any CPU.ActiveCfg = Debug|Any CPU
		{AB00CA5B-8B21-4117-AC7B-D1F2D2883BE8}.Debug|Any CPU.Build.0 = Debug|Any CPU
		{AB00CA5B-8B21-4117-AC7B-D1F2D2883BE8}.Release|Any CPU.ActiveCfg = Release|Any CPU
		{AB00CA5B-8B21-4117-AC7B-D1F2D2883BE8}.Release|Any CPU.Build.0 = Release|Any CPU
	EndGlobalSection
	GlobalSection(SolutionProperties) = preSolution
		HideSolutionNode = FALSE
	EndGlobalSection
	GlobalSection(ExtensibilityGlobals) = postSolution
		SolutionGuid = {66580C7E-644B-4E7C-AFCB-44EB00660E8D}
	EndGlobalSection
EndGlobal
