
Microsoft Visual Studio Solution File, Format Version 12.00
# Visual Studio Version 16
VisualStudioVersion = 16.0.30114.105
MinimumVisualStudioVersion = 10.0.40219.1
Project("{FAE04EC0-301F-11D3-BF4B-00C04F79EFBC}") = "InsertStudentInformation2", "InsertStudentInformation2.csproj", "{F77AA417-5253-4D5E-AFE3-F613F7249F15}"
EndProject
Global
	GlobalSection(SolutionConfigurationPlatforms) = preSolution
		Debug|Any CPU = Debug|Any CPU
		Release|Any CPU = Release|Any CPU
	EndGlobalSection
	GlobalSection(ProjectConfigurationPlatforms) = postSolution
		{F77AA417-5253-4D5E-AFE3-F613F7249F15}.Debug|Any CPU.ActiveCfg = Debug|Any CPU
		{F77AA417-5253-4D5E-AFE3-F613F7249F15}.Debug|Any CPU.Build.0 = Debug|Any CPU
		{F77AA417-5253-4D5E-AFE3-F613F7249F15}.Release|Any CPU.ActiveCfg = Release|Any CPU
		{F77AA417-5253-4D5E-AFE3-F613F7249F15}.Release|Any CPU.Build.0 = Release|Any CPU
	EndGlobalSection
	GlobalSection(SolutionProperties) = preSolution
		HideSolutionNode = FALSE
	EndGlobalSection
	GlobalSection(ExtensibilityGlobals) = postSolution
		SolutionGuid = {56E6179C-9DCF-4B6F-92A7-C20F16A70951}
	EndGlobalSection
EndGlobal
