
Microsoft Visual Studio Solution File, Format Version 12.00
# Visual Studio Version 16
VisualStudioVersion = 16.0.30114.105
MinimumVisualStudioVersion = 10.0.40219.1
Project("{FAE04EC0-301F-11D3-BF4B-00C04F79EFBC}") = "BitWiseMultiplicationAndDividation", "BitWiseMultiplicationAndDividation\BitWiseMultiplicationAndDividation.csproj", "{660F6906-95BF-44F2-AB41-2CD922D9515C}"
EndProject
Global
	GlobalSection(SolutionConfigurationPlatforms) = preSolution
		Debug|Any CPU = Debug|Any CPU
		Release|Any CPU = Release|Any CPU
	EndGlobalSection
	GlobalSection(ProjectConfigurationPlatforms) = postSolution
		{660F6906-95BF-44F2-AB41-2CD922D9515C}.Debug|Any CPU.ActiveCfg = Debug|Any CPU
		{660F6906-95BF-44F2-AB41-2CD922D9515C}.Debug|Any CPU.Build.0 = Debug|Any CPU
		{660F6906-95BF-44F2-AB41-2CD922D9515C}.Release|Any CPU.ActiveCfg = Release|Any CPU
		{660F6906-95BF-44F2-AB41-2CD922D9515C}.Release|Any CPU.Build.0 = Release|Any CPU
	EndGlobalSection
	GlobalSection(SolutionProperties) = preSolution
		HideSolutionNode = FALSE
	EndGlobalSection
	GlobalSection(ExtensibilityGlobals) = postSolution
		SolutionGuid = {9A5D6AA4-7E38-4A0B-9335-337271409482}
	EndGlobalSection
EndGlobal
