
Microsoft Visual Studio Solution File, Format Version 12.00
# Visual Studio Version 16
VisualStudioVersion = 16.0.30128.74
MinimumVisualStudioVersion = 10.0.40219.1
Project("{FAE04EC0-301F-11D3-BF4B-00C04F79EFBC}") = "PrimitiveTypesToBinary", "PrimitiveTypesToBinary.csproj", "{65EAC22C-28CE-4EF6-A10C-C40261AB8887}"
EndProject
Global
	GlobalSection(SolutionConfigurationPlatforms) = preSolution
		Debug|Any CPU = Debug|Any CPU
		Release|Any CPU = Release|Any CPU
	EndGlobalSection
	GlobalSection(ProjectConfigurationPlatforms) = postSolution
		{65EAC22C-28CE-4EF6-A10C-C40261AB8887}.Debug|Any CPU.ActiveCfg = Debug|Any CPU
		{65EAC22C-28CE-4EF6-A10C-C40261AB8887}.Debug|Any CPU.Build.0 = Debug|Any CPU
		{65EAC22C-28CE-4EF6-A10C-C40261AB8887}.Release|Any CPU.ActiveCfg = Release|Any CPU
		{65EAC22C-28CE-4EF6-A10C-C40261AB8887}.Release|Any CPU.Build.0 = Release|Any CPU
	EndGlobalSection
	GlobalSection(SolutionProperties) = preSolution
		HideSolutionNode = FALSE
	EndGlobalSection
	GlobalSection(ExtensibilityGlobals) = postSolution
		SolutionGuid = {3E09F4EC-C5E6-46E6-A5C9-4F3CEF474492}
	EndGlobalSection
EndGlobal
