
Microsoft Visual Studio Solution File, Format Version 12.00
# Visual Studio Version 16
VisualStudioVersion = 16.0.30114.105
MinimumVisualStudioVersion = 10.0.40219.1
Project("{FAE04EC0-301F-11D3-BF4B-00C04F79EFBC}") = "StartTwo", "StartTwo\StartTwo.csproj", "{B2AB79EC-3812-4A6E-A74F-C82B9AC698AD}"
EndProject
Global
	GlobalSection(SolutionConfigurationPlatforms) = preSolution
		Debug|Any CPU = Debug|Any CPU
		Release|Any CPU = Release|Any CPU
	EndGlobalSection
	GlobalSection(ProjectConfigurationPlatforms) = postSolution
		{B2AB79EC-3812-4A6E-A74F-C82B9AC698AD}.Debug|Any CPU.ActiveCfg = Debug|Any CPU
		{B2AB79EC-3812-4A6E-A74F-C82B9AC698AD}.Debug|Any CPU.Build.0 = Debug|Any CPU
		{B2AB79EC-3812-4A6E-A74F-C82B9AC698AD}.Release|Any CPU.ActiveCfg = Release|Any CPU
		{B2AB79EC-3812-4A6E-A74F-C82B9AC698AD}.Release|Any CPU.Build.0 = Release|Any CPU
	EndGlobalSection
	GlobalSection(SolutionProperties) = preSolution
		HideSolutionNode = FALSE
	EndGlobalSection
	GlobalSection(ExtensibilityGlobals) = postSolution
		SolutionGuid = {B20006AD-2494-45F1-8B8D-D5832DC59D73}
	EndGlobalSection
EndGlobal
