
Microsoft Visual Studio Solution File, Format Version 12.00
# Visual Studio Version 16
VisualStudioVersion = 16.0.30128.74
MinimumVisualStudioVersion = 10.0.40219.1
Project("{FAE04EC0-301F-11D3-BF4B-00C04F79EFBC}") = "Variables", "Variables.csproj", "{7DFA4047-8D75-4E59-B5E7-5239B99F5D2D}"
EndProject
Global
	GlobalSection(SolutionConfigurationPlatforms) = preSolution
		Debug|Any CPU = Debug|Any CPU
		Release|Any CPU = Release|Any CPU
	EndGlobalSection
	GlobalSection(ProjectConfigurationPlatforms) = postSolution
		{7DFA4047-8D75-4E59-B5E7-5239B99F5D2D}.Debug|Any CPU.ActiveCfg = Debug|Any CPU
		{7DFA4047-8D75-4E59-B5E7-5239B99F5D2D}.Debug|Any CPU.Build.0 = Debug|Any CPU
		{7DFA4047-8D75-4E59-B5E7-5239B99F5D2D}.Release|Any CPU.ActiveCfg = Release|Any CPU
		{7DFA4047-8D75-4E59-B5E7-5239B99F5D2D}.Release|Any CPU.Build.0 = Release|Any CPU
	EndGlobalSection
	GlobalSection(SolutionProperties) = preSolution
		HideSolutionNode = FALSE
	EndGlobalSection
	GlobalSection(ExtensibilityGlobals) = postSolution
		SolutionGuid = {826F1FD9-5A7D-4DC1-80A6-6577D24B1AF9}
	EndGlobalSection
EndGlobal
