
Microsoft Visual Studio Solution File, Format Version 12.00
# Visual Studio Version 16
VisualStudioVersion = 16.0.30128.74
MinimumVisualStudioVersion = 10.0.40219.1
Project("{FAE04EC0-301F-11D3-BF4B-00C04F79EFBC}") = "AddTwo2dArrays1", "AddTwo2dArrays1.csproj", "{18E3AC52-1CF6-4C11-8DDB-D825EA9273B9}"
EndProject
Global
	GlobalSection(SolutionConfigurationPlatforms) = preSolution
		Debug|Any CPU = Debug|Any CPU
		Release|Any CPU = Release|Any CPU
	EndGlobalSection
	GlobalSection(ProjectConfigurationPlatforms) = postSolution
		{18E3AC52-1CF6-4C11-8DDB-D825EA9273B9}.Debug|Any CPU.ActiveCfg = Debug|Any CPU
		{18E3AC52-1CF6-4C11-8DDB-D825EA9273B9}.Debug|Any CPU.Build.0 = Debug|Any CPU
		{18E3AC52-1CF6-4C11-8DDB-D825EA9273B9}.Release|Any CPU.ActiveCfg = Release|Any CPU
		{18E3AC52-1CF6-4C11-8DDB-D825EA9273B9}.Release|Any CPU.Build.0 = Release|Any CPU
	EndGlobalSection
	GlobalSection(SolutionProperties) = preSolution
		HideSolutionNode = FALSE
	EndGlobalSection
	GlobalSection(ExtensibilityGlobals) = postSolution
		SolutionGuid = {BEB1237A-3BB0-49B3-9172-8E10FDCC940F}
	EndGlobalSection
EndGlobal
