
Microsoft Visual Studio Solution File, Format Version 12.00
# Visual Studio Version 16
VisualStudioVersion = 16.0.30128.74
MinimumVisualStudioVersion = 10.0.40219.1
Project("{FAE04EC0-301F-11D3-BF4B-00C04F79EFBC}") = "InsertStudentInformation(2)", "InsertStudentInformation(2).csproj", "{6BDC1D51-68E9-4482-8D40-22A7DBDB2526}"
EndProject
Global
	GlobalSection(SolutionConfigurationPlatforms) = preSolution
		Debug|Any CPU = Debug|Any CPU
		Release|Any CPU = Release|Any CPU
	EndGlobalSection
	GlobalSection(ProjectConfigurationPlatforms) = postSolution
		{6BDC1D51-68E9-4482-8D40-22A7DBDB2526}.Debug|Any CPU.ActiveCfg = Debug|Any CPU
		{6BDC1D51-68E9-4482-8D40-22A7DBDB2526}.Debug|Any CPU.Build.0 = Debug|Any CPU
		{6BDC1D51-68E9-4482-8D40-22A7DBDB2526}.Release|Any CPU.ActiveCfg = Release|Any CPU
		{6BDC1D51-68E9-4482-8D40-22A7DBDB2526}.Release|Any CPU.Build.0 = Release|Any CPU
	EndGlobalSection
	GlobalSection(SolutionProperties) = preSolution
		HideSolutionNode = FALSE
	EndGlobalSection
	GlobalSection(ExtensibilityGlobals) = postSolution
		SolutionGuid = {022091C1-3BCF-4E36-B454-19C859BF6233}
	EndGlobalSection
EndGlobal
